
Microsoft Visual Studio Solution File, Format Version 12.00
# Visual Studio Version 17
VisualStudioVersion = 17.6.33829.357
MinimumVisualStudioVersion = 10.0.40219.1
Project("{9A19103F-16F7-4668-BE54-9A1E7A4F7556}") = "DataEntry", "DataEntry\DataEntry.csproj", "{7ADFEF98-9F8B-4F36-9F2C-F0452170A184}"
EndProject
Project("{FAE04EC0-301F-11D3-BF4B-00C04F79EFBC}") = "testUnitDataEntry", "testUnitDataEntry\testUnitDataEntry.csproj", "{24A31B39-4FF4-4714-A92A-4D8D4F2E493E}"
EndProject
Global
	GlobalSection(SolutionConfigurationPlatforms) = preSolution
		Debug|Any CPU = Debug|Any CPU
		Release|Any CPU = Release|Any CPU
	EndGlobalSection
	GlobalSection(ProjectConfigurationPlatforms) = postSolution
		{7ADFEF98-9F8B-4F36-9F2C-F0452170A184}.Debug|Any CPU.ActiveCfg = Debug|Any CPU
		{7ADFEF98-9F8B-4F36-9F2C-F0452170A184}.Debug|Any CPU.Build.0 = Debug|Any CPU
		{7ADFEF98-9F8B-4F36-9F2C-F0452170A184}.Release|Any CPU.ActiveCfg = Release|Any CPU
		{7ADFEF98-9F8B-4F36-9F2C-F0452170A184}.Release|Any CPU.Build.0 = Release|Any CPU
		{24A31B39-4FF4-4714-A92A-4D8D4F2E493E}.Debug|Any CPU.ActiveCfg = Debug|Any CPU
		{24A31B39-4FF4-4714-A92A-4D8D4F2E493E}.Debug|Any CPU.Build.0 = Debug|Any CPU
		{24A31B39-4FF4-4714-A92A-4D8D4F2E493E}.Release|Any CPU.ActiveCfg = Release|Any CPU
		{24A31B39-4FF4-4714-A92A-4D8D4F2E493E}.Release|Any CPU.Build.0 = Release|Any CPU
	EndGlobalSection
	GlobalSection(SolutionProperties) = preSolution
		HideSolutionNode = FALSE
	EndGlobalSection
	GlobalSection(ExtensibilityGlobals) = postSolution
		SolutionGuid = {FFC9F75C-B731-485E-B8F5-45FA2730E019}
	EndGlobalSection
EndGlobal
